
Microsoft Visual Studio Solution File, Format Version 12.00
# Visual Studio Version 16
VisualStudioVersion = 16.0.29215.179
MinimumVisualStudioVersion = 10.0.40219.1
Project("{FAE04EC0-301F-11D3-BF4B-00C04F79EFBC}") = "Pulsaciones", "Pulsaciones\Pulsaciones.csproj", "{1EC9BD81-9116-4179-9742-9DC1D7961B1D}"
EndProject
Project("{FAE04EC0-301F-11D3-BF4B-00C04F79EFBC}") = "DAL", "DAL\DAL.csproj", "{F33559EB-02A2-4D89-861C-7E64FBB25155}"
EndProject
Project("{FAE04EC0-301F-11D3-BF4B-00C04F79EFBC}") = "BLL", "BLL\BLL.csproj", "{C40F2F6F-37B8-4938-9B75-DD57D642EA3C}"
EndProject
Project("{FAE04EC0-301F-11D3-BF4B-00C04F79EFBC}") = "Entity", "Entity\Entity.csproj", "{8D5419AB-DCB9-4503-93D2-083443776798}"
EndProject
Global
	GlobalSection(SolutionConfigurationPlatforms) = preSolution
		Debug|Any CPU = Debug|Any CPU
		Release|Any CPU = Release|Any CPU
	EndGlobalSection
	GlobalSection(ProjectConfigurationPlatforms) = postSolution
		{1EC9BD81-9116-4179-9742-9DC1D7961B1D}.Debug|Any CPU.ActiveCfg = Debug|Any CPU
		{1EC9BD81-9116-4179-9742-9DC1D7961B1D}.Debug|Any CPU.Build.0 = Debug|Any CPU
		{1EC9BD81-9116-4179-9742-9DC1D7961B1D}.Release|Any CPU.ActiveCfg = Release|Any CPU
		{1EC9BD81-9116-4179-9742-9DC1D7961B1D}.Release|Any CPU.Build.0 = Release|Any CPU
		{F33559EB-02A2-4D89-861C-7E64FBB25155}.Debug|Any CPU.ActiveCfg = Debug|Any CPU
		{F33559EB-02A2-4D89-861C-7E64FBB25155}.Debug|Any CPU.Build.0 = Debug|Any CPU
		{F33559EB-02A2-4D89-861C-7E64FBB25155}.Release|Any CPU.ActiveCfg = Release|Any CPU
		{F33559EB-02A2-4D89-861C-7E64FBB25155}.Release|Any CPU.Build.0 = Release|Any CPU
		{C40F2F6F-37B8-4938-9B75-DD57D642EA3C}.Debug|Any CPU.ActiveCfg = Debug|Any CPU
		{C40F2F6F-37B8-4938-9B75-DD57D642EA3C}.Debug|Any CPU.Build.0 = Debug|Any CPU
		{C40F2F6F-37B8-4938-9B75-DD57D642EA3C}.Release|Any CPU.ActiveCfg = Release|Any CPU
		{C40F2F6F-37B8-4938-9B75-DD57D642EA3C}.Release|Any CPU.Build.0 = Release|Any CPU
		{8D5419AB-DCB9-4503-93D2-083443776798}.Debug|Any CPU.ActiveCfg = Debug|Any CPU
		{8D5419AB-DCB9-4503-93D2-083443776798}.Debug|Any CPU.Build.0 = Debug|Any CPU
		{8D5419AB-DCB9-4503-93D2-083443776798}.Release|Any CPU.ActiveCfg = Release|Any CPU
		{8D5419AB-DCB9-4503-93D2-083443776798}.Release|Any CPU.Build.0 = Release|Any CPU
	EndGlobalSection
	GlobalSection(SolutionProperties) = preSolution
		HideSolutionNode = FALSE
	EndGlobalSection
	GlobalSection(ExtensibilityGlobals) = postSolution
		SolutionGuid = {0F10A986-DCB0-4A03-9F28-29AE5E489D46}
	EndGlobalSection
EndGlobal
